
Microsoft Visual Studio Solution File, Format Version 12.00
# Visual Studio Version 16
VisualStudioVersion = 16.0.30204.135
MinimumVisualStudioVersion = 10.0.40219.1
Project("{8BC9CEB8-8B4A-11D0-8D11-00A0C91BC942}") = "nera", "nera\nera.vcxproj", "{E3F886C6-4F99-426B-BEA6-0F93155374F4}"
EndProject
Project("{8BC9CEB8-8B4A-11D0-8D11-00A0C91BC942}") = "tests", "tests\tests.vcxproj", "{5F48329A-68F0-48B9-A49E-97599D42123C}"
EndProject
Global
	GlobalSection(SolutionConfigurationPlatforms) = preSolution
		Debug|x64 = Debug|x64
		Debug|x86 = Debug|x86
		Release|x64 = Release|x64
		Release|x86 = Release|x86
	EndGlobalSection
	GlobalSection(ProjectConfigurationPlatforms) = postSolution
		{E3F886C6-4F99-426B-BEA6-0F93155374F4}.Debug|x64.ActiveCfg = Debug|x64
		{E3F886C6-4F99-426B-BEA6-0F93155374F4}.Debug|x64.Build.0 = Debug|x64
		{E3F886C6-4F99-426B-BEA6-0F93155374F4}.Debug|x86.ActiveCfg = Debug|Win32
		{E3F886C6-4F99-426B-BEA6-0F93155374F4}.Debug|x86.Build.0 = Debug|Win32
		{E3F886C6-4F99-426B-BEA6-0F93155374F4}.Release|x64.ActiveCfg = Release|x64
		{E3F886C6-4F99-426B-BEA6-0F93155374F4}.Release|x64.Build.0 = Release|x64
		{E3F886C6-4F99-426B-BEA6-0F93155374F4}.Release|x86.ActiveCfg = Release|Win32
		{E3F886C6-4F99-426B-BEA6-0F93155374F4}.Release|x86.Build.0 = Release|Win32
		{5F48329A-68F0-48B9-A49E-97599D42123C}.Debug|x64.ActiveCfg = Debug|x64
		{5F48329A-68F0-48B9-A49E-97599D42123C}.Debug|x64.Build.0 = Debug|x64
		{5F48329A-68F0-48B9-A49E-97599D42123C}.Debug|x86.ActiveCfg = Debug|Win32
		{5F48329A-68F0-48B9-A49E-97599D42123C}.Debug|x86.Build.0 = Debug|Win32
		{5F48329A-68F0-48B9-A49E-97599D42123C}.Release|x64.ActiveCfg = Release|x64
		{5F48329A-68F0-48B9-A49E-97599D42123C}.Release|x64.Build.0 = Release|x64
		{5F48329A-68F0-48B9-A49E-97599D42123C}.Release|x86.ActiveCfg = Release|Win32
		{5F48329A-68F0-48B9-A49E-97599D42123C}.Release|x86.Build.0 = Release|Win32
	EndGlobalSection
	GlobalSection(SolutionProperties) = preSolution
		HideSolutionNode = FALSE
	EndGlobalSection
	GlobalSection(ExtensibilityGlobals) = postSolution
		SolutionGuid = {BA0F12B8-4AF6-44DA-92BE-22D87BBC2D6F}
	EndGlobalSection
EndGlobal
