<?xml version="1.0" encoding="utf-8"?>
<Project ToolsVersion="4.0" xmlns="http://schemas.microsoft.com/developer/msbuild/2003">
  <ItemGroup>
    <Filter Include="Source Files">
      <UniqueIdentifier>{4FC737F1-C7A5-4376-A066-2A32D752A2FF}</UniqueIdentifier>
      <Extensions>cpp;c;cc;cxx;c++;def;odl;idl;hpj;bat;asm;asmx</Extensions>
    </Filter>
    <Filter Include="Header Files">
      <UniqueIdentifier>{93995380-89BD-4b04-88EB-625FBE52EBFB}</UniqueIdentifier>
      <Extensions>h;hh;hpp;hxx;h++;hm;inl;inc;ipp;xsd</Extensions>
    </Filter>
    <Filter Include="Resource Files">
      <UniqueIdentifier>{67DA6AB6-F800-4c08-8B7A-83BB121AAD01}</UniqueIdentifier>
      <Extensions>rc;ico;cur;bmp;dlg;rc2;rct;bin;rgs;gif;jpg;jpeg;jpe;resx;tiff;tif;png;wav;mfcribbon-ms</Extensions>
    </Filter>
  </ItemGroup>
  <ItemGroup>
    <ClInclude Include="include\nera\allocator.h">
      <Filter>Header Files</Filter>
    </ClInclude>
    <ClInclude Include="include\nera\hashmap.h">
      <Filter>Header Files</Filter>
    </ClInclude>
    <ClInclude Include="include\nera\memory.h">
      <Filter>Header Files</Filter>
    </ClInclude>
    <ClInclude Include="include\nera\pointer.h">
      <Filter>Header Files</Filter>
    </ClInclude>
    <ClInclude Include="include\nera\regex.h">
      <Filter>Header Files</Filter>
    </ClInclude>
    <ClInclude Include="include\nera\string.h">
      <Filter>Header Files</Filter>
    </ClInclude>
    <ClInclude Include="include\nera\types.h">
      <Filter>Header Files</Filter>
    </ClInclude>
    <ClInclude Include="include\nera\vector.h">
      <Filter>Header Files</Filter>
    </ClInclude>
  </ItemGroup>
  <ItemGroup>
    <ClCompile Include="src\hashmap.cpp">
      <Filter>Source Files</Filter>
    </ClCompile>
    <ClCompile Include="src\regex.cpp">
      <Filter>Source Files</Filter>
    </ClCompile>
    <ClCompile Include="src\string.cpp">
      <Filter>Source Files</Filter>
    </ClCompile>
    <ClCompile Include="src\allocator.cpp">
      <Filter>Source Files</Filter>
    </ClCompile>
  </ItemGroup>
  <ItemGroup>
    <None Include="include\nera\vector.inl">
      <Filter>Header Files</Filter>
    </None>
    <None Include="include\nera\memory.inl">
      <Filter>Header Files</Filter>
    </None>
    <None Include="include\nera\pointer.inl">
      <Filter>Header Files</Filter>
    </None>
  </ItemGroup>
</Project>